
Microsoft Visual Studio Solution File, Format Version 12.00
# Visual Studio 15
VisualStudioVersion = 15.0.27703.2042
MinimumVisualStudioVersion = 10.0.40219.1
Project("{FAE04EC0-301F-11D3-BF4B-00C04F79EFBC}") = "MostSnake", "MostSnake\MostSnake.csproj", "{1C619935-1E99-4AB6-AE95-05822A71607A}"
EndProject
Global
	GlobalSection(SolutionConfigurationPlatforms) = preSolution
		Debug|Any CPU = Debug|Any CPU
		Release|Any CPU = Release|Any CPU
	EndGlobalSection
	GlobalSection(ProjectConfigurationPlatforms) = postSolution
		{1C619935-1E99-4AB6-AE95-05822A71607A}.Debug|Any CPU.ActiveCfg = Debug|Any CPU
		{1C619935-1E99-4AB6-AE95-05822A71607A}.Debug|Any CPU.Build.0 = Debug|Any CPU
		{1C619935-1E99-4AB6-AE95-05822A71607A}.Release|Any CPU.ActiveCfg = Release|Any CPU
		{1C619935-1E99-4AB6-AE95-05822A71607A}.Release|Any CPU.Build.0 = Release|Any CPU
	EndGlobalSection
	GlobalSection(SolutionProperties) = preSolution
		HideSolutionNode = FALSE
	EndGlobalSection
	GlobalSection(ExtensibilityGlobals) = postSolution
		SolutionGuid = {E7003C25-BBF7-408E-9F0F-B9466BF07981}
	EndGlobalSection
EndGlobal
